#MicroXplorer Configuration settings - do not modify
ADC1.Channel-0\#ChannelRegularConversion=ADC_CHANNEL_4
ADC1.IPParameters=Rank-0\#ChannelRegularConversion,master,Channel-0\#ChannelRegularConversion,SamplingTime-0\#ChannelRegularConversion,NbrOfConversionFlag
ADC1.NbrOfConversionFlag=1
ADC1.Rank-0\#ChannelRegularConversion=1
ADC1.SamplingTime-0\#ChannelRegularConversion=ADC_SAMPLETIME_3CYCLES
ADC1.master=1
ETH.IPParameters=MediaInterface,RxMode,PHY_SR,PHY_ISFR_INT4
ETH.MediaInterface=HAL_ETH_RMII_MODE
ETH.PHY_ISFR_INT4=0x0010
ETH.PHY_SR=0x1f
ETH.RxMode=ETH_RXPOLLING_MODE
File.Version=6
GPIO.groupedBy=Group By Peripherals
KeepUserPlacement=false
LWIP.BSP.number=1
LWIP.CHECKSUM_GEN_ICMP=0
LWIP.GATEWAY_ADDRESS=192.168.000.001
LWIP.IPParameters=LWIP_DHCP,IP_ADDRESS,NETMASK_ADDRESS,GATEWAY_ADDRESS,MEM_SIZE,LWIP_RAM_HEAP_POINTER,LWIP_HTTPD,LWIP_HTTPD_SSI,CHECKSUM_GEN_ICMP
LWIP.IP_ADDRESS=192.168.000.139
LWIP.LWIP_DHCP=0
LWIP.LWIP_HTTPD=1
LWIP.LWIP_HTTPD_SSI=1
LWIP.LWIP_RAM_HEAP_POINTER=0x20012000
LWIP.MEM_SIZE=10240
LWIP.NETMASK_ADDRESS=255.255.255.000
LWIP.Version=v2.1.2_Cube
LWIP0.BSP.STBoard=false
LWIP0.BSP.api=BSP_COMPONENT_DRIVER
LWIP0.BSP.component=LAN8742
LWIP0.BSP.condition=
LWIP0.BSP.i2caddr=0
LWIP0.BSP.i2creg=
LWIP0.BSP.instance=LAN8742
LWIP0.BSP.ip=
LWIP0.BSP.mode=
LWIP0.BSP.name=Driver_PHY
LWIP0.BSP.semaphore=S_LAN8742
LWIP0.BSP.solution=LAN8742
Mcu.CPN=STM32F439ZIT6
Mcu.Family=STM32F4
Mcu.IP0=ADC1
Mcu.IP1=ETH
Mcu.IP2=LWIP
Mcu.IP3=NVIC
Mcu.IP4=RCC
Mcu.IP5=SYS
Mcu.IP6=USART3
Mcu.IPNb=7
Mcu.Name=STM32F439Z(G-I)Tx
Mcu.Package=LQFP144
Mcu.Pin0=PH0/OSC_IN
Mcu.Pin1=PH1/OSC_OUT
Mcu.Pin10=PB13
Mcu.Pin11=PB14
Mcu.Pin12=PD8
Mcu.Pin13=PD9
Mcu.Pin14=PA13
Mcu.Pin15=PA14
Mcu.Pin16=PG11
Mcu.Pin17=PG13
Mcu.Pin18=PB3
Mcu.Pin19=PB7
Mcu.Pin2=PC1
Mcu.Pin20=VP_LWIP_VS_Enabled
Mcu.Pin21=VP_SYS_VS_tim6
Mcu.Pin3=PA1
Mcu.Pin4=PA2
Mcu.Pin5=PA4
Mcu.Pin6=PA7
Mcu.Pin7=PC4
Mcu.Pin8=PC5
Mcu.Pin9=PB0
Mcu.PinsNb=22
Mcu.ThirdParty0=RealThread.RT-Thread.3.1.5
Mcu.ThirdPartyNb=1
Mcu.UserConstants=
Mcu.UserName=STM32F439ZITx
MxCube.Version=6.5.0
MxDb.Version=DB.6.0.50
NVIC.BusFault_IRQn=true\:0\:0\:false\:false\:true\:false\:false\:true
NVIC.DebugMonitor_IRQn=true\:0\:0\:false\:false\:true\:false\:false\:true
NVIC.ForceEnableDMAVector=true
NVIC.HardFault_IRQn=true\:0\:0\:false\:false\:true\:false\:false\:true
NVIC.MemoryManagement_IRQn=true\:0\:0\:false\:false\:true\:false\:false\:true
NVIC.NonMaskableInt_IRQn=true\:0\:0\:false\:false\:true\:false\:false\:true
NVIC.PendSV_IRQn=true\:0\:0\:false\:false\:true\:false\:false\:true
NVIC.PriorityGroup=NVIC_PRIORITYGROUP_4
NVIC.SVCall_IRQn=true\:0\:0\:false\:false\:true\:false\:false\:true
NVIC.SysTick_IRQn=true\:15\:0\:false\:false\:true\:false\:true\:true
NVIC.TIM6_DAC_IRQn=true\:15\:0\:false\:false\:true\:false\:true\:true
NVIC.TimeBase=TIM6_DAC_IRQn
NVIC.TimeBaseIP=TIM6
NVIC.UsageFault_IRQn=true\:0\:0\:false\:false\:true\:false\:false\:true
PA1.Mode=RMII
PA1.Signal=ETH_REF_CLK
PA13.Mode=Trace_Asynchronous_SW
PA13.Signal=SYS_JTMS-SWDIO
PA14.Mode=Trace_Asynchronous_SW
PA14.Signal=SYS_JTCK-SWCLK
PA2.Mode=RMII
PA2.Signal=ETH_MDIO
PA4.GPIOParameters=GPIO_Label
PA4.GPIO_Label=SENSOR_PIN
PA4.Locked=true
PA4.Signal=ADCx_IN4
PA7.Mode=RMII
PA7.Signal=ETH_CRS_DV
PB0.GPIOParameters=GPIO_Label
PB0.GPIO_Label=GREEN_LED
PB0.Locked=true
PB0.Signal=GPIO_Output
PB13.Mode=RMII
PB13.Signal=ETH_TXD1
PB14.GPIOParameters=GPIO_Label
PB14.GPIO_Label=RED_LED
PB14.Locked=true
PB14.Signal=GPIO_Output
PB3.Mode=Trace_Asynchronous_SW
PB3.Signal=SYS_JTDO-SWO
PB7.GPIOParameters=GPIO_Label
PB7.GPIO_Label=BLUE_LED
PB7.Locked=true
PB7.Signal=GPIO_Output
PC1.Mode=RMII
PC1.Signal=ETH_MDC
PC4.Mode=RMII
PC4.Signal=ETH_RXD0
PC5.Mode=RMII
PC5.Signal=ETH_RXD1
PD8.Locked=true
PD8.Mode=Asynchronous
PD8.Signal=USART3_TX
PD9.Locked=true
PD9.Mode=Asynchronous
PD9.Signal=USART3_RX
PG11.Locked=true
PG11.Mode=RMII
PG11.Signal=ETH_TX_EN
PG13.Locked=true
PG13.Mode=RMII
PG13.Signal=ETH_TXD0
PH0/OSC_IN.Mode=HSE-External-Clock-Source
PH0/OSC_IN.Signal=RCC_OSC_IN
PH1/OSC_OUT.Mode=HSE-External-Clock-Source
PH1/OSC_OUT.Signal=RCC_OSC_OUT
PinOutPanel.RotationAngle=0
ProjectManager.AskForMigrate=true
ProjectManager.BackupPrevious=false
ProjectManager.CompilerOptimize=6
ProjectManager.ComputerToolchain=false
ProjectManager.CoupleFile=false
ProjectManager.CustomerFirmwarePackage=
ProjectManager.DefaultFWLocation=true
ProjectManager.DeletePrevious=true
ProjectManager.DeviceId=STM32F439ZITx
ProjectManager.FirmwarePackage=STM32Cube FW_F4 V1.27.0
ProjectManager.FreePins=false
ProjectManager.HalAssertFull=false
ProjectManager.HeapSize=0x400
ProjectManager.KeepUserCode=true
ProjectManager.LastFirmware=true
ProjectManager.LibraryCopy=1
ProjectManager.MainLocation=Core/Src
ProjectManager.NoMain=false
ProjectManager.PreviousToolchain=STM32CubeIDE
ProjectManager.ProjectBuild=false
ProjectManager.ProjectFileName=Ethernet_demo_v1.ioc
ProjectManager.ProjectName=Ethernet_demo_v1
ProjectManager.RegisterCallBack=
ProjectManager.StackSize=0x800
ProjectManager.TargetToolchain=STM32CubeIDE
ProjectManager.ToolChainLocation=
ProjectManager.UnderRoot=true
ProjectManager.functionlistsort=1-SystemClock_Config-RCC-false-HAL-false,2-MX_GPIO_Init-GPIO-false-HAL-true,3-MX_LWIP_Init-LWIP-false-HAL-false,4-MX_ADC1_Init-ADC1-false-HAL-true,5-MX_USART3_UART_Init-USART3-false-HAL-true
RCC.48MHZClocksFreq_Value=90000000
RCC.AHBFreq_Value=180000000
RCC.APB1CLKDivider=RCC_HCLK_DIV4
RCC.APB1Freq_Value=45000000
RCC.APB1TimFreq_Value=90000000
RCC.APB2CLKDivider=RCC_HCLK_DIV2
RCC.APB2Freq_Value=90000000
RCC.APB2TimFreq_Value=180000000
RCC.CortexFreq_Value=180000000
RCC.EthernetFreq_Value=180000000
RCC.FCLKCortexFreq_Value=180000000
RCC.FamilyName=M
RCC.HCLKFreq_Value=180000000
RCC.HSE_VALUE=8000000
RCC.HSI_VALUE=16000000
RCC.I2SClocksFreq_Value=192000000
RCC.IPParameters=48MHZClocksFreq_Value,AHBFreq_Value,APB1CLKDivider,APB1Freq_Value,APB1TimFreq_Value,APB2CLKDivider,APB2Freq_Value,APB2TimFreq_Value,CortexFreq_Value,EthernetFreq_Value,FCLKCortexFreq_Value,FamilyName,HCLKFreq_Value,HSE_VALUE,HSI_VALUE,I2SClocksFreq_Value,LCDTFTFreq_Value,LSE_VALUE,LSI_VALUE,MCO2PinFreq_Value,PLLCLKFreq_Value,PLLM,PLLN,PLLQCLKFreq_Value,PLLSourceVirtual,PWR_Regulator_Voltage_Scale,RTCFreq_Value,RTCHSEDivFreq_Value,SAI_AClocksFreq_Value,SAI_BClocksFreq_Value,SYSCLKFreq_VALUE,SYSCLKSource,VCOI2SOutputFreq_Value,VCOInputFreq_Value,VCOOutputFreq_Value,VCOSAIOutputFreq_Value,VCOSAIOutputFreq_ValueQ,VCOSAIOutputFreq_ValueR,VcooutputI2S,VcooutputI2SQ
RCC.LCDTFTFreq_Value=24500000
RCC.LSE_VALUE=32768
RCC.LSI_VALUE=32000
RCC.MCO2PinFreq_Value=180000000
RCC.PLLCLKFreq_Value=180000000
RCC.PLLM=4
RCC.PLLN=180
RCC.PLLQCLKFreq_Value=90000000
RCC.PLLSourceVirtual=RCC_PLLSOURCE_HSE
RCC.PWR_Regulator_Voltage_Scale=PWR_REGULATOR_VOLTAGE_SCALE1
RCC.RTCFreq_Value=32000
RCC.RTCHSEDivFreq_Value=4000000
RCC.SAI_AClocksFreq_Value=24500000
RCC.SAI_BClocksFreq_Value=24500000
RCC.SYSCLKFreq_VALUE=180000000
RCC.SYSCLKSource=RCC_SYSCLKSOURCE_PLLCLK
RCC.VCOI2SOutputFreq_Value=384000000
RCC.VCOInputFreq_Value=2000000
RCC.VCOOutputFreq_Value=360000000
RCC.VCOSAIOutputFreq_Value=98000000
RCC.VCOSAIOutputFreq_ValueQ=24500000
RCC.VCOSAIOutputFreq_ValueR=49000000
RCC.VcooutputI2S=192000000
RCC.VcooutputI2SQ=192000000
RealThread.RT-Thread.3.1.5.RTOSJjkernel_Checked=false
RealThread.RT-Thread.3.1.5_SwParameter=RTOSJjkernel\:true;
SH.ADCx_IN4.0=ADC1_IN4,IN4
SH.ADCx_IN4.ConfNb=1
USART3.IPParameters=VirtualMode
USART3.VirtualMode=VM_ASYNC
VP_LWIP_VS_Enabled.Mode=Enabled
VP_LWIP_VS_Enabled.Signal=LWIP_VS_Enabled
VP_SYS_VS_tim6.Mode=TIM6
VP_SYS_VS_tim6.Signal=SYS_VS_tim6
board=custom
isbadioc=false
